# Linux bootstrap runtime for Headroom desktop.
# This intentionally excludes optional memory/ML extras from headroom-ai[all]
# because packages such as hnswlib do not ship broadly compatible Linux wheels
# and cause bootstrap to fail on fresh machines.
#
# Versions kept in sync with headroom-requirements.lock where the package
# overlaps. 0.32.0 adds two new hard deps to headroom-ai's core/proxy
# requires_dist that this subset installs -- tomlkit (core) and orjson (proxy) --
# so both are added here too (leaf packages, no transitive deps). 0.33.0 raises
# the proxy extra's mcp floor to >=1.28.1,<2.0.0 (upstream #2642: mcp 2.x
# crashes the MCP server at startup), so mcp moves 1.27.1 -> 1.28.1 here to
# match the macOS lock. 0.35.0's core requires_dist adds pyyaml, which this
# subset had never carried: the headroom-ai wheel installs with --no-deps, so a
# core dep missing here is a hard ImportError at backend start, not a soft
# resolve that pip can fix. On every HEADROOM_PINNED_VERSION bump, re-check this
# file against https://pypi.org/pypi/headroom-ai/<version>/json (core plus the
# proxy extra), the way the macOS and Windows locks already are.
# transformers 5.8.1 -> 5.12.1 (2026-09-23): matches the macOS lock and clears
# PYSEC-2026-3929 (tokenizer save_pretrained path traversal, fixed in 5.10.0).
ast-grep-cli==0.42.2
click==8.4.0
fastapi==0.136.1
httpx[http2,socks]==0.28.1
litellm==1.88.1
magika==1.0.3
mcp==1.28.1
onnxruntime==1.26.0
opentelemetry-api==1.41.1
openai==2.37.0
orjson==3.11.9
pydantic==2.13.4
pyyaml==6.0.3
rich==15.0.0
sqlite-vec==0.1.9
tiktoken==0.13.0
tomlkit==0.15.1
transformers==5.12.1
uvicorn==0.47.0
watchdog==6.0.0
websockets==16.0
zstandard==0.25.0
